
Microsoft Visual Studio Solution File, Format Version 12.00
# Visual Studio Version 16
VisualStudioVersion = 16.0.30717.126
MinimumVisualStudioVersion = 10.0.40219.1
Project("{FAE04EC0-301F-11D3-BF4B-00C04F79EFBC}") = "ConnectedLabLesson", "ConnectedLabLesson\ConnectedLabLesson.csproj", "{23996F36-B847-44A7-A55D-54C149AA86E2}"
EndProject
Global
	GlobalSection(SolutionConfigurationPlatforms) = preSolution
		Debug|Any CPU = Debug|Any CPU
		Release|Any CPU = Release|Any CPU
	EndGlobalSection
	GlobalSection(ProjectConfigurationPlatforms) = postSolution
		{23996F36-B847-44A7-A55D-54C149AA86E2}.Debug|Any CPU.ActiveCfg = Debug|Any CPU
		{23996F36-B847-44A7-A55D-54C149AA86E2}.Debug|Any CPU.Build.0 = Debug|Any CPU
		{23996F36-B847-44A7-A55D-54C149AA86E2}.Release|Any CPU.ActiveCfg = Release|Any CPU
		{23996F36-B847-44A7-A55D-54C149AA86E2}.Release|Any CPU.Build.0 = Release|Any CPU
	EndGlobalSection
	GlobalSection(SolutionProperties) = preSolution
		HideSolutionNode = FALSE
	EndGlobalSection
	GlobalSection(ExtensibilityGlobals) = postSolution
		SolutionGuid = {FCBAEFEA-AA25-4E2E-8D67-2D8139B6FF5C}
	EndGlobalSection
EndGlobal
